
Microsoft Visual Studio Solution File, Format Version 12.00
# Visual Studio Version 17
VisualStudioVersion = 17.0.31919.166
MinimumVisualStudioVersion = 10.0.40219.1
Project("{FAE04EC0-301F-11D3-BF4B-00C04F79EFBC}") = "DesignPatterns.Console", "DesignPatterns.Console\DesignPatterns.Console.csproj", "{4859646C-089C-4118-A064-C7608DD9F1A9}"
EndProject
Global
	GlobalSection(SolutionConfigurationPlatforms) = preSolution
		Debug|Any CPU = Debug|Any CPU
		Release|Any CPU = Release|Any CPU
	EndGlobalSection
	GlobalSection(ProjectConfigurationPlatforms) = postSolution
		{4859646C-089C-4118-A064-C7608DD9F1A9}.Debug|Any CPU.ActiveCfg = Debug|Any CPU
		{4859646C-089C-4118-A064-C7608DD9F1A9}.Debug|Any CPU.Build.0 = Debug|Any CPU
		{4859646C-089C-4118-A064-C7608DD9F1A9}.Release|Any CPU.ActiveCfg = Release|Any CPU
		{4859646C-089C-4118-A064-C7608DD9F1A9}.Release|Any CPU.Build.0 = Release|Any CPU
	EndGlobalSection
	GlobalSection(SolutionProperties) = preSolution
		HideSolutionNode = FALSE
	EndGlobalSection
	GlobalSection(ExtensibilityGlobals) = postSolution
		SolutionGuid = {B490606A-5A6F-4976-ADCA-1CB7531753EF}
	EndGlobalSection
EndGlobal
